# This file is autogenerated, do not edit; changes may be undone by the next 'dep ensure'.


[[projects]]
  branch = "master"
  name = "github.com/h2so5/goback"
  packages = [
    "regexp",
    "regexp/syntax"
  ]
  revision = "6e210305bfc97befb0d68ba56d321629475f1e4c"

[solve-meta]
  analyzer-name = "dep"
  analyzer-version = 1
  inputs-digest = "c7fa7167cd53d1fe90d2f6ad96749b0f26ab2854b2d690224b20fa113a778625"
  solver-name = "gps-cdcl"
  solver-version = 1
